
Microsoft Visual Studio Solution File, Format Version 12.00
# Visual Studio Version 16
VisualStudioVersion = 16.0.29424.173
MinimumVisualStudioVersion = 10.0.40219.1
Project("{FAE04EC0-301F-11D3-BF4B-00C04F79EFBC}") = "RomanNumeralCalculator", "RomanNumeralCalculator.csproj", "{53BA5371-91C9-4FF1-B4F9-2141F3322D3C}"
EndProject
Global
	GlobalSection(SolutionConfigurationPlatforms) = preSolution
		Debug|Any CPU = Debug|Any CPU
		Release|Any CPU = Release|Any CPU
	EndGlobalSection
	GlobalSection(ProjectConfigurationPlatforms) = postSolution
		{53BA5371-91C9-4FF1-B4F9-2141F3322D3C}.Debug|Any CPU.ActiveCfg = Debug|Any CPU
		{53BA5371-91C9-4FF1-B4F9-2141F3322D3C}.Debug|Any CPU.Build.0 = Debug|Any CPU
		{53BA5371-91C9-4FF1-B4F9-2141F3322D3C}.Release|Any CPU.ActiveCfg = Release|Any CPU
		{53BA5371-91C9-4FF1-B4F9-2141F3322D3C}.Release|Any CPU.Build.0 = Release|Any CPU
	EndGlobalSection
	GlobalSection(SolutionProperties) = preSolution
		HideSolutionNode = FALSE
	EndGlobalSection
	GlobalSection(ExtensibilityGlobals) = postSolution
		SolutionGuid = {9D1EB49D-D247-4B12-8F5F-EF88E1C9D2BE}
	EndGlobalSection
EndGlobal
